// !$*UTF8*$!
{
	archiveVersion = 1;
	classes = {
	};
	objectVersion = 51;
	objects = {

/* Begin PBXBuildFile section */
		22129C8E239F0684002D128D /* API.swift in Sources */ = {isa = PBXBuildFile; fileRef = 22129C8D239F0684002D128D /* API.swift */; };
		22BC8EED239EFA59002573D5 /* AppDelegate.swift in Sources */ = {isa = PBXBuildFile; fileRef = 22BC8EEC239EFA59002573D5 /* AppDelegate.swift */; };
		22BC8EEF239EFA59002573D5 /* SceneDelegate.swift in Sources */ = {isa = PBXBuildFile; fileRef = 22BC8EEE239EFA59002573D5 /* SceneDelegate.swift */; };
		22BC8EF1239EFA59002573D5 /* CharacterListView.swift in Sources */ = {isa = PBXBuildFile; fileRef = 22BC8EF0239EFA59002573D5 /* CharacterListView.swift */; };
		22BC8EF3239EFA5B002573D5 /* Assets.xcassets in Resources */ = {isa = PBXBuildFile; fileRef = 22BC8EF2239EFA5B002573D5 /* Assets.xcassets */; };
		22BC8EF6239EFA5B002573D5 /* Preview Assets.xcassets in Resources */ = {isa = PBXBuildFile; fileRef = 22BC8EF5239EFA5B002573D5 /* Preview Assets.xcassets */; };
		22BC8EF9239EFA5B002573D5 /* LaunchScreen.storyboard in Resources */ = {isa = PBXBuildFile; fileRef = 22BC8EF7239EFA5B002573D5 /* LaunchScreen.storyboard */; };
		22C75EFD239FD7D700F46ADE /* Network.swift in Sources */ = {isa = PBXBuildFile; fileRef = 22C75EFC239FD7D700F46ADE /* Network.swift */; };
		22C75EFF239FF38800F46ADE /* CharacterRowView.swift in Sources */ = {isa = PBXBuildFile; fileRef = 22C75EFE239FF38800F46ADE /* CharacterRowView.swift */; };
		22C75F0223A00E3E00F46ADE /* data.json in Resources */ = {isa = PBXBuildFile; fileRef = 22C75F0123A00E3E00F46ADE /* data.json */; };
		22C75F0623A0138100F46ADE /* Data.swift in Sources */ = {isa = PBXBuildFile; fileRef = 22C75F0523A0138100F46ADE /* Data.swift */; };
		22C75F1023A18C1A00F46ADE /* WebImage.swift in Sources */ = {isa = PBXBuildFile; fileRef = 22C75F0F23A18C1A00F46ADE /* WebImage.swift */; };
		ACD2E30EFB8778D0D953D2CA /* Pods_Swift_Apollo_Client.framework in Frameworks */ = {isa = PBXBuildFile; fileRef = CDFF424C660AF4152EB1DBB5 /* Pods_Swift_Apollo_Client.framework */; };
/* End PBXBuildFile section */

/* Begin PBXFileReference section */
		22129C8B239F045D002D128D /* Character.graphql */ = {isa = PBXFileReference; lastKnownFileType = text; path = Character.graphql; sourceTree = "<group>"; };
		22129C8C239F05B5002D128D /* schema.json */ = {isa = PBXFileReference; lastKnownFileType = text.json; path = schema.json; sourceTree = "<group>"; };
		22129C8D239F0684002D128D /* API.swift */ = {isa = PBXFileReference; fileEncoding = 4; lastKnownFileType = sourcecode.swift; path = API.swift; sourceTree = "<group>"; };
		22BC8EE9239EFA59002573D5 /* Swift Apollo Client.app */ = {isa = PBXFileReference; explicitFileType = wrapper.application; includeInIndex = 0; path = "Swift Apollo Client.app"; sourceTree = BUILT_PRODUCTS_DIR; };
		22BC8EEC239EFA59002573D5 /* AppDelegate.swift */ = {isa = PBXFileReference; lastKnownFileType = sourcecode.swift; path = AppDelegate.swift; sourceTree = "<group>"; };
		22BC8EEE239EFA59002573D5 /* SceneDelegate.swift */ = {isa = PBXFileReference; lastKnownFileType = sourcecode.swift; path = SceneDelegate.swift; sourceTree = "<group>"; };
		22BC8EF0239EFA59002573D5 /* CharacterListView.swift */ = {isa = PBXFileReference; lastKnownFileType = sourcecode.swift; path = CharacterListView.swift; sourceTree = "<group>"; };
		22BC8EF2239EFA5B002573D5 /* Assets.xcassets */ = {isa = PBXFileReference; lastKnownFileType = folder.assetcatalog; path = Assets.xcassets; sourceTree = "<group>"; };
		22BC8EF5239EFA5B002573D5 /* Preview Assets.xcassets */ = {isa = PBXFileReference; lastKnownFileType = folder.assetcatalog; path = "Preview Assets.xcassets"; sourceTree = "<group>"; };
		22BC8EF8239EFA5B002573D5 /* Base */ = {isa = PBXFileReference; lastKnownFileType = file.storyboard; name = Base; path = Base.lproj/LaunchScreen.storyboard; sourceTree = "<group>"; };
		22BC8EFA239EFA5B002573D5 /* Info.plist */ = {isa = PBXFileReference; lastKnownFileType = text.plist.xml; path = Info.plist; sourceTree = "<group>"; };
		22C75EFC239FD7D700F46ADE /* Network.swift */ = {isa = PBXFileReference; lastKnownFileType = sourcecode.swift; path = Network.swift; sourceTree = "<group>"; };
		22C75EFE239FF38800F46ADE /* CharacterRowView.swift */ = {isa = PBXFileReference; lastKnownFileType = sourcecode.swift; path = CharacterRowView.swift; sourceTree = "<group>"; };
		22C75F0123A00E3E00F46ADE /* data.json */ = {isa = PBXFileReference; lastKnownFileType = text.json; path = data.json; sourceTree = "<group>"; };
		22C75F0523A0138100F46ADE /* Data.swift */ = {isa = PBXFileReference; lastKnownFileType = sourcecode.swift; path = Data.swift; sourceTree = "<group>"; };
		22C75F0723A024E800F46ADE /* README.md */ = {isa = PBXFileReference; lastKnownFileType = net.daringfireball.markdown; path = README.md; sourceTree = "<group>"; };
		22C75F0823A02A4100F46ADE /* LICENSE */ = {isa = PBXFileReference; lastKnownFileType = text; path = LICENSE; sourceTree = "<group>"; };
		22C75F0F23A18C1A00F46ADE /* WebImage.swift */ = {isa = PBXFileReference; fileEncoding = 4; lastKnownFileType = sourcecode.swift; path = WebImage.swift; sourceTree = "<group>"; };
		CDFF424C660AF4152EB1DBB5 /* Pods_Swift_Apollo_Client.framework */ = {isa = PBXFileReference; explicitFileType = wrapper.framework; includeInIndex = 0; path = Pods_Swift_Apollo_Client.framework; sourceTree = BUILT_PRODUCTS_DIR; };
		EC3908BE9CB56B4D66534938 /* Pods-Swift Apollo Client.release.xcconfig */ = {isa = PBXFileReference; includeInIndex = 1; lastKnownFileType = text.xcconfig; name = "Pods-Swift Apollo Client.release.xcconfig"; path = "Target Support Files/Pods-Swift Apollo Client/Pods-Swift Apollo Client.release.xcconfig"; sourceTree = "<group>"; };
		F119178FAFA478710238B465 /* Pods-Swift Apollo Client.debug.xcconfig */ = {isa = PBXFileReference; includeInIndex = 1; lastKnownFileType = text.xcconfig; name = "Pods-Swift Apollo Client.debug.xcconfig"; path = "Target Support Files/Pods-Swift Apollo Client/Pods-Swift Apollo Client.debug.xcconfig"; sourceTree = "<group>"; };
/* End PBXFileReference section */

/* Begin PBXFrameworksBuildPhase section */
		22BC8EE6239EFA59002573D5 /* Frameworks */ = {
			isa = PBXFrameworksBuildPhase;
			buildActionMask = 2147483647;
			files = (
				ACD2E30EFB8778D0D953D2CA /* Pods_Swift_Apollo_Client.framework in Frameworks */,
			);
			runOnlyForDeploymentPostprocessing = 0;
		};
/* End PBXFrameworksBuildPhase section */

/* Begin PBXGroup section */
		22BC8EE0239EFA59002573D5 = {
			isa = PBXGroup;
			children = (
				22C75F0723A024E800F46ADE /* README.md */,
				22C75F0823A02A4100F46ADE /* LICENSE */,
				22BC8EEB239EFA59002573D5 /* Swift Apollo Client */,
				22BC8EEA239EFA59002573D5 /* Products */,
				633FAC69FD647016B35591C1 /* Pods */,
				2F9FFEDE356F7AE351AB5F2F /* Frameworks */,
			);
			sourceTree = "<group>";
		};
		22BC8EEA239EFA59002573D5 /* Products */ = {
			isa = PBXGroup;
			children = (
				22BC8EE9239EFA59002573D5 /* Swift Apollo Client.app */,
			);
			name = Products;
			sourceTree = "<group>";
		};
		22BC8EEB239EFA59002573D5 /* Swift Apollo Client */ = {
			isa = PBXGroup;
			children = (
				22BC8EEC239EFA59002573D5 /* AppDelegate.swift */,
				22BC8EEE239EFA59002573D5 /* SceneDelegate.swift */,
				22BC8EF0239EFA59002573D5 /* CharacterListView.swift */,
				22C75EFE239FF38800F46ADE /* CharacterRowView.swift */,
				22129C8B239F045D002D128D /* Character.graphql */,
				22C75EFC239FD7D700F46ADE /* Network.swift */,
				22129C8D239F0684002D128D /* API.swift */,
				22129C8C239F05B5002D128D /* schema.json */,
				22C75F0F23A18C1A00F46ADE /* WebImage.swift */,
				22BC8F00239EFA72002573D5 /* Resources */,
				22BC8EFA239EFA5B002573D5 /* Info.plist */,
				22BC8EF4239EFA5B002573D5 /* Preview Content */,
			);
			path = "Swift Apollo Client";
			sourceTree = "<group>";
		};
		22BC8EF4239EFA5B002573D5 /* Preview Content */ = {
			isa = PBXGroup;
			children = (
				22BC8EF5239EFA5B002573D5 /* Preview Assets.xcassets */,
				22C75F0123A00E3E00F46ADE /* data.json */,
				22C75F0523A0138100F46ADE /* Data.swift */,
			);
			path = "Preview Content";
			sourceTree = "<group>";
		};
		22BC8F00239EFA72002573D5 /* Resources */ = {
			isa = PBXGroup;
			children = (
				22BC8EF2239EFA5B002573D5 /* Assets.xcassets */,
				22BC8EF7239EFA5B002573D5 /* LaunchScreen.storyboard */,
			);
			path = Resources;
			sourceTree = "<group>";
		};
		2F9FFEDE356F7AE351AB5F2F /* Frameworks */ = {
			isa = PBXGroup;
			children = (
				CDFF424C660AF4152EB1DBB5 /* Pods_Swift_Apollo_Client.framework */,
			);
			name = Frameworks;
			sourceTree = "<group>";
		};
		633FAC69FD647016B35591C1 /* Pods */ = {
			isa = PBXGroup;
			children = (
				F119178FAFA478710238B465 /* Pods-Swift Apollo Client.debug.xcconfig */,
				EC3908BE9CB56B4D66534938 /* Pods-Swift Apollo Client.release.xcconfig */,
			);
			path = Pods;
			sourceTree = "<group>";
		};
/* End PBXGroup section */

/* Begin PBXNativeTarget section */
		22BC8EE8239EFA59002573D5 /* Swift Apollo Client */ = {
			isa = PBXNativeTarget;
			buildConfigurationList = 22BC8EFD239EFA5B002573D5 /* Build configuration list for PBXNativeTarget "Swift Apollo Client" */;
			buildPhases = (
				033438711C2E75A575191D28 /* [CP] Check Pods Manifest.lock */,
				22129C86239EFFA5002D128D /* Generate Apollo GraphQL API */,
				22BC8EE5239EFA59002573D5 /* Sources */,
				22BC8EE6239EFA59002573D5 /* Frameworks */,
				22BC8EE7239EFA59002573D5 /* Resources */,
				F8583F5E5D2C957E7F995833 /* [CP] Embed Pods Frameworks */,
			);
			buildRules = (
			);
			dependencies = (
			);
			name = "Swift Apollo Client";
			productName = "Swift Apollo Client";
			productReference = 22BC8EE9239EFA59002573D5 /* Swift Apollo Client.app */;
			productType = "com.apple.product-type.application";
		};
/* End PBXNativeTarget section */

/* Begin PBXProject section */
		22BC8EE1239EFA59002573D5 /* Project object */ = {
			isa = PBXProject;
			attributes = {
				LastSwiftUpdateCheck = 1120;
				LastUpgradeCheck = 1120;
				ORGANIZATIONNAME = "Victor Shinya";
				TargetAttributes = {
					22BC8EE8239EFA59002573D5 = {
						CreatedOnToolsVersion = 11.2.1;
					};
				};
			};
			buildConfigurationList = 22BC8EE4239EFA59002573D5 /* Build configuration list for PBXProject "Swift Apollo Client" */;
			compatibilityVersion = "Xcode 9.3";
			developmentRegion = en;
			hasScannedForEncodings = 0;
			knownRegions = (
				en,
				Base,
			);
			mainGroup = 22BC8EE0239EFA59002573D5;
			productRefGroup = 22BC8EEA239EFA59002573D5 /* Products */;
			projectDirPath = "";
			projectRoot = "";
			targets = (
				22BC8EE8239EFA59002573D5 /* Swift Apollo Client */,
			);
		};
/* End PBXProject section */

/* Begin PBXResourcesBuildPhase section */
		22BC8EE7239EFA59002573D5 /* Resources */ = {
			isa = PBXResourcesBuildPhase;
			buildActionMask = 2147483647;
			files = (
				22BC8EF9239EFA5B002573D5 /* LaunchScreen.storyboard in Resources */,
				22BC8EF6239EFA5B002573D5 /* Preview Assets.xcassets in Resources */,
				22BC8EF3239EFA5B002573D5 /* Assets.xcassets in Resources */,
				22C75F0223A00E3E00F46ADE /* data.json in Resources */,
			);
			runOnlyForDeploymentPostprocessing = 0;
		};
/* End PBXResourcesBuildPhase section */

/* Begin PBXShellScriptBuildPhase section */
		033438711C2E75A575191D28 /* [CP] Check Pods Manifest.lock */ = {
			isa = PBXShellScriptBuildPhase;
			buildActionMask = 2147483647;
			files = (
			);
			inputFileListPaths = (
			);
			inputPaths = (
				"${PODS_PODFILE_DIR_PATH}/Podfile.lock",
				"${PODS_ROOT}/Manifest.lock",
			);
			name = "[CP] Check Pods Manifest.lock";
			outputFileListPaths = (
			);
			outputPaths = (
				"$(DERIVED_FILE_DIR)/Pods-Swift Apollo Client-checkManifestLockResult.txt",
			);
			runOnlyForDeploymentPostprocessing = 0;
			shellPath = /bin/sh;
			shellScript = "diff \"${PODS_PODFILE_DIR_PATH}/Podfile.lock\" \"${PODS_ROOT}/Manifest.lock\" > /dev/null\nif [ $? != 0 ] ; then\n    # print error to STDERR\n    echo \"error: The sandbox is not in sync with the Podfile.lock. Run 'pod install' or update your CocoaPods installation.\" >&2\n    exit 1\nfi\n# This output is used by Xcode 'outputs' to avoid re-running this script phase.\necho \"SUCCESS\" > \"${SCRIPT_OUTPUT_FILE_0}\"\n";
			showEnvVarsInLog = 0;
		};
		22129C86239EFFA5002D128D /* Generate Apollo GraphQL API */ = {
			isa = PBXShellScriptBuildPhase;
			buildActionMask = 2147483647;
			files = (
			);
			inputFileListPaths = (
			);
			inputPaths = (
			);
			name = "Generate Apollo GraphQL API";
			outputFileListPaths = (
			);
			outputPaths = (
			);
			runOnlyForDeploymentPostprocessing = 0;
			shellPath = /bin/sh;
			shellScript = "#SCRIPT_PATH=\"${PODS_ROOT}/Apollo/scripts\"\n#cd \"${SRCROOT}/${TARGET_NAME}\"\n#\"${SCRIPT_PATH}\"/run-bundled-codegen.sh codegen:generate --target=swift --includes=./**/*.graphql --localSchemaFile=\"schema.json\" API.swift\n#\"${SCRIPT_PATH}\"/run-bundled-codegen.sh schema:download --endpoint=\"https://rickandmortyapi.com/graphql/\"\n";
		};
		F8583F5E5D2C957E7F995833 /* [CP] Embed Pods Frameworks */ = {
			isa = PBXShellScriptBuildPhase;
			buildActionMask = 2147483647;
			files = (
			);
			inputFileListPaths = (
				"${PODS_ROOT}/Target Support Files/Pods-Swift Apollo Client/Pods-Swift Apollo Client-frameworks-${CONFIGURATION}-input-files.xcfilelist",
			);
			name = "[CP] Embed Pods Frameworks";
			outputFileListPaths = (
				"${PODS_ROOT}/Target Support Files/Pods-Swift Apollo Client/Pods-Swift Apollo Client-frameworks-${CONFIGURATION}-output-files.xcfilelist",
			);
			runOnlyForDeploymentPostprocessing = 0;
			shellPath = /bin/sh;
			shellScript = "\"${PODS_ROOT}/Target Support Files/Pods-Swift Apollo Client/Pods-Swift Apollo Client-frameworks.sh\"\n";
			showEnvVarsInLog = 0;
		};
/* End PBXShellScriptBuildPhase section */

/* Begin PBXSourcesBuildPhase section */
		22BC8EE5239EFA59002573D5 /* Sources */ = {
			isa = PBXSourcesBuildPhase;
			buildActionMask = 2147483647;
			files = (
				22C75F0623A0138100F46ADE /* Data.swift in Sources */,
				22BC8EED239EFA59002573D5 /* AppDelegate.swift in Sources */,
				22C75F1023A18C1A00F46ADE /* WebImage.swift in Sources */,
				22BC8EEF239EFA59002573D5 /* SceneDelegate.swift in Sources */,
				22C75EFD239FD7D700F46ADE /* Network.swift in Sources */,
				22C75EFF239FF38800F46ADE /* CharacterRowView.swift in Sources */,
				22129C8E239F0684002D128D /* API.swift in Sources */,
				22BC8EF1239EFA59002573D5 /* CharacterListView.swift in Sources */,
			);
			runOnlyForDeploymentPostprocessing = 0;
		};
/* End PBXSourcesBuildPhase section */

/* Begin PBXVariantGroup section */
		22BC8EF7239EFA5B002573D5 /* LaunchScreen.storyboard */ = {
			isa = PBXVariantGroup;
			children = (
				22BC8EF8239EFA5B002573D5 /* Base */,
			);
			name = LaunchScreen.storyboard;
			sourceTree = "<group>";
		};
/* End PBXVariantGroup section */

/* Begin XCBuildConfiguration section */
		22BC8EFB239EFA5B002573D5 /* Debug */ = {
			isa = XCBuildConfiguration;
			buildSettings = {
				ALWAYS_SEARCH_USER_PATHS = NO;
				CLANG_ANALYZER_NONNULL = YES;
				CLANG_ANALYZER_NUMBER_OBJECT_CONVERSION = YES_AGGRESSIVE;
				CLANG_CXX_LANGUAGE_STANDARD = "gnu++14";
				CLANG_CXX_LIBRARY = "libc++";
				CLANG_ENABLE_MODULES = YES;
				CLANG_ENABLE_OBJC_ARC = YES;
				CLANG_ENABLE_OBJC_WEAK = YES;
				CLANG_WARN_BLOCK_CAPTURE_AUTORELEASING = YES;
				CLANG_WARN_BOOL_CONVERSION = YES;
				CLANG_WARN_COMMA = YES;
				CLANG_WARN_CONSTANT_CONVERSION = YES;
				CLANG_WARN_DEPRECATED_OBJC_IMPLEMENTATIONS = YES;
				CLANG_WARN_DIRECT_OBJC_ISA_USAGE = YES_ERROR;
				CLANG_WARN_DOCUMENTATION_COMMENTS = YES;
				CLANG_WARN_EMPTY_BODY = YES;
				CLANG_WARN_ENUM_CONVERSION = YES;
				CLANG_WARN_INFINITE_RECURSION = YES;
				CLANG_WARN_INT_CONVERSION = YES;
				CLANG_WARN_NON_LITERAL_NULL_CONVERSION = YES;
				CLANG_WARN_OBJC_IMPLICIT_RETAIN_SELF = YES;
				CLANG_WARN_OBJC_LITERAL_CONVERSION = YES;
				CLANG_WARN_OBJC_ROOT_CLASS = YES_ERROR;
				CLANG_WARN_RANGE_LOOP_ANALYSIS = YES;
				CLANG_WARN_STRICT_PROTOTYPES = YES;
				CLANG_WARN_SUSPICIOUS_MOVE = YES;
				CLANG_WARN_UNGUARDED_AVAILABILITY = YES_AGGRESSIVE;
				CLANG_WARN_UNREACHABLE_CODE = YES;
				CLANG_WARN__DUPLICATE_METHOD_MATCH = YES;
				COPY_PHASE_STRIP = NO;
				DEBUG_INFORMATION_FORMAT = dwarf;
				ENABLE_STRICT_OBJC_MSGSEND = YES;
				ENABLE_TESTABILITY = YES;
				GCC_C_LANGUAGE_STANDARD = gnu11;
				GCC_DYNAMIC_NO_PIC = NO;
				GCC_NO_COMMON_BLOCKS = YES;
				GCC_OPTIMIZATION_LEVEL = 0;
				GCC_PREPROCESSOR_DEFINITIONS = (
					"DEBUG=1",
					"$(inherited)",
				);
				GCC_WARN_64_TO_32_BIT_CONVERSION = YES;
				GCC_WARN_ABOUT_RETURN_TYPE = YES_ERROR;
				GCC_WARN_UNDECLARED_SELECTOR = YES;
				GCC_WARN_UNINITIALIZED_AUTOS = YES_AGGRESSIVE;
				GCC_WARN_UNUSED_FUNCTION = YES;
				GCC_WARN_UNUSED_VARIABLE = YES;
				IPHONEOS_DEPLOYMENT_TARGET = 13.2;
				MTL_ENABLE_DEBUG_INFO = INCLUDE_SOURCE;
				MTL_FAST_MATH = YES;
				ONLY_ACTIVE_ARCH = YES;
				SDKROOT = iphoneos;
				SWIFT_ACTIVE_COMPILATION_CONDITIONS = DEBUG;
				SWIFT_OPTIMIZATION_LEVEL = "-Onone";
			};
			name = Debug;
		};
		22BC8EFC239EFA5B002573D5 /* Release */ = {
			isa = XCBuildConfiguration;
			buildSettings = {
				ALWAYS_SEARCH_USER_PATHS = NO;
				CLANG_ANALYZER_NONNULL = YES;
				CLANG_ANALYZER_NUMBER_OBJECT_CONVERSION = YES_AGGRESSIVE;
				CLANG_CXX_LANGUAGE_STANDARD = "gnu++14";
				CLANG_CXX_LIBRARY = "libc++";
				CLANG_ENABLE_MODULES = YES;
				CLANG_ENABLE_OBJC_ARC = YES;
				CLANG_ENABLE_OBJC_WEAK = YES;
				CLANG_WARN_BLOCK_CAPTURE_AUTORELEASING = YES;
				CLANG_WARN_BOOL_CONVERSION = YES;
				CLANG_WARN_COMMA = YES;
				CLANG_WARN_CONSTANT_CONVERSION = YES;
				CLANG_WARN_DEPRECATED_OBJC_IMPLEMENTATIONS = YES;
				CLANG_WARN_DIRECT_OBJC_ISA_USAGE = YES_ERROR;
				CLANG_WARN_DOCUMENTATION_COMMENTS = YES;
				CLANG_WARN_EMPTY_BODY = YES;
				CLANG_WARN_ENUM_CONVERSION = YES;
				CLANG_WARN_INFINITE_RECURSION = YES;
				CLANG_WARN_INT_CONVERSION = YES;
				CLANG_WARN_NON_LITERAL_NULL_CONVERSION = YES;
				CLANG_WARN_OBJC_IMPLICIT_RETAIN_SELF = YES;
				CLANG_WARN_OBJC_LITERAL_CONVERSION = YES;
				CLANG_WARN_OBJC_ROOT_CLASS = YES_ERROR;
				CLANG_WARN_RANGE_LOOP_ANALYSIS = YES;
				CLANG_WARN_STRICT_PROTOTYPES = YES;
				CLANG_WARN_SUSPICIOUS_MOVE = YES;
				CLANG_WARN_UNGUARDED_AVAILABILITY = YES_AGGRESSIVE;
				CLANG_WARN_UNREACHABLE_CODE = YES;
				CLANG_WARN__DUPLICATE_METHOD_MATCH = YES;
				COPY_PHASE_STRIP = NO;
				DEBUG_INFORMATION_FORMAT = "dwarf-with-dsym";
				ENABLE_NS_ASSERTIONS = NO;
				ENABLE_STRICT_OBJC_MSGSEND = YES;
				GCC_C_LANGUAGE_STANDARD = gnu11;
				GCC_NO_COMMON_BLOCKS = YES;
				GCC_WARN_64_TO_32_BIT_CONVERSION = YES;
				GCC_WARN_ABOUT_RETURN_TYPE = YES_ERROR;
				GCC_WARN_UNDECLARED_SELECTOR = YES;
				GCC_WARN_UNINITIALIZED_AUTOS = YES_AGGRESSIVE;
				GCC_WARN_UNUSED_FUNCTION = YES;
				GCC_WARN_UNUSED_VARIABLE = YES;
				IPHONEOS_DEPLOYMENT_TARGET = 13.2;
				MTL_ENABLE_DEBUG_INFO = NO;
				MTL_FAST_MATH = YES;
				SDKROOT = iphoneos;
				SWIFT_COMPILATION_MODE = wholemodule;
				SWIFT_OPTIMIZATION_LEVEL = "-O";
				VALIDATE_PRODUCT = YES;
			};
			name = Release;
		};
		22BC8EFE239EFA5B002573D5 /* Debug */ = {
			isa = XCBuildConfiguration;
			baseConfigurationReference = F119178FAFA478710238B465 /* Pods-Swift Apollo Client.debug.xcconfig */;
			buildSettings = {
				ASSETCATALOG_COMPILER_APPICON_NAME = AppIcon;
				CODE_SIGN_STYLE = Automatic;
				DEVELOPMENT_ASSET_PATHS = "\"Swift Apollo Client/Preview Content\"";
				DEVELOPMENT_TEAM = MYQPGJAPC4;
				ENABLE_PREVIEWS = YES;
				INFOPLIST_FILE = "Swift Apollo Client/Info.plist";
				LD_RUNPATH_SEARCH_PATHS = (
					"$(inherited)",
					"@executable_path/Frameworks",
				);
				PRODUCT_BUNDLE_IDENTIFIER = "com.victorshinya.Swift-Apollo-Client";
				PRODUCT_NAME = "$(TARGET_NAME)";
				SWIFT_VERSION = 5.0;
				TARGETED_DEVICE_FAMILY = "1,2";
			};
			name = Debug;
		};
		22BC8EFF239EFA5B002573D5 /* Release */ = {
			isa = XCBuildConfiguration;
			baseConfigurationReference = EC3908BE9CB56B4D66534938 /* Pods-Swift Apollo Client.release.xcconfig */;
			buildSettings = {
				ASSETCATALOG_COMPILER_APPICON_NAME = AppIcon;
				CODE_SIGN_STYLE = Automatic;
				DEVELOPMENT_ASSET_PATHS = "\"Swift Apollo Client/Preview Content\"";
				DEVELOPMENT_TEAM = MYQPGJAPC4;
				ENABLE_PREVIEWS = YES;
				INFOPLIST_FILE = "Swift Apollo Client/Info.plist";
				LD_RUNPATH_SEARCH_PATHS = (
					"$(inherited)",
					"@executable_path/Frameworks",
				);
				PRODUCT_BUNDLE_IDENTIFIER = "com.victorshinya.Swift-Apollo-Client";
				PRODUCT_NAME = "$(TARGET_NAME)";
				SWIFT_VERSION = 5.0;
				TARGETED_DEVICE_FAMILY = "1,2";
			};
			name = Release;
		};
/* End XCBuildConfiguration section */

/* Begin XCConfigurationList section */
		22BC8EE4239EFA59002573D5 /* Build configuration list for PBXProject "Swift Apollo Client" */ = {
			isa = XCConfigurationList;
			buildConfigurations = (
				22BC8EFB239EFA5B002573D5 /* Debug */,
				22BC8EFC239EFA5B002573D5 /* Release */,
			);
			defaultConfigurationIsVisible = 0;
			defaultConfigurationName = Release;
		};
		22BC8EFD239EFA5B002573D5 /* Build configuration list for PBXNativeTarget "Swift Apollo Client" */ = {
			isa = XCConfigurationList;
			buildConfigurations = (
				22BC8EFE239EFA5B002573D5 /* Debug */,
				22BC8EFF239EFA5B002573D5 /* Release */,
			);
			defaultConfigurationIsVisible = 0;
			defaultConfigurationName = Release;
		};
/* End XCConfigurationList section */
	};
	rootObject = 22BC8EE1239EFA59002573D5 /* Project object */;
}
